# This file is automatically @generated by Cargo.
# It is not intended for manual editing.
version = 4

[[package]]
name = "libc"
version = "0.2.185"
source = "git+https://github.com/OxideBSD/libc-crate-oxidebsd.git?branch=oxidebsd#47649d80c5d67ace0049fa0e2dba2954c60fd475"

[[package]]
name = "libsh"
version = "0.1.0"
dependencies = [
 "libc",
]
